
Microsoft Visual Studio Solution File, Format Version 12.00
# Visual Studio Version 17
VisualStudioVersion = 17.8.34330.188
MinimumVisualStudioVersion = 10.0.40219.1
Project("{FAE04EC0-301F-11D3-BF4B-00C04F79EFBC}") = "GeometryConsoleApp", "GeometryConsoleApp\GeometryConsoleApp.csproj", "{595C7F0C-90DD-4244-BB6A-D48EA7B7B195}"
EndProject
Project("{FAE04EC0-301F-11D3-BF4B-00C04F79EFBC}") = "GeometryClassLibrary", "GeometryClassLibrary\GeometryClassLibrary.csproj", "{1B202345-F3A5-4EEE-BD85-22B082B68C6F}"
EndProject
Project("{FAE04EC0-301F-11D3-BF4B-00C04F79EFBC}") = "GeometryAppTest", "GeometryAppTest\GeometryAppTest.csproj", "{440021C3-2675-4B22-ADA6-81C807AC07B2}"
EndProject
Global
	GlobalSection(SolutionConfigurationPlatforms) = preSolution
		Debug|Any CPU = Debug|Any CPU
		Release|Any CPU = Release|Any CPU
	EndGlobalSection
	GlobalSection(ProjectConfigurationPlatforms) = postSolution
		{595C7F0C-90DD-4244-BB6A-D48EA7B7B195}.Debug|Any CPU.ActiveCfg = Debug|Any CPU
		{595C7F0C-90DD-4244-BB6A-D48EA7B7B195}.Debug|Any CPU.Build.0 = Debug|Any CPU
		{595C7F0C-90DD-4244-BB6A-D48EA7B7B195}.Release|Any CPU.ActiveCfg = Release|Any CPU
		{595C7F0C-90DD-4244-BB6A-D48EA7B7B195}.Release|Any CPU.Build.0 = Release|Any CPU
		{1B202345-F3A5-4EEE-BD85-22B082B68C6F}.Debug|Any CPU.ActiveCfg = Debug|Any CPU
		{1B202345-F3A5-4EEE-BD85-22B082B68C6F}.Debug|Any CPU.Build.0 = Debug|Any CPU
		{1B202345-F3A5-4EEE-BD85-22B082B68C6F}.Release|Any CPU.ActiveCfg = Release|Any CPU
		{1B202345-F3A5-4EEE-BD85-22B082B68C6F}.Release|Any CPU.Build.0 = Release|Any CPU
		{440021C3-2675-4B22-ADA6-81C807AC07B2}.Debug|Any CPU.ActiveCfg = Debug|Any CPU
		{440021C3-2675-4B22-ADA6-81C807AC07B2}.Debug|Any CPU.Build.0 = Debug|Any CPU
		{440021C3-2675-4B22-ADA6-81C807AC07B2}.Release|Any CPU.ActiveCfg = Release|Any CPU
		{440021C3-2675-4B22-ADA6-81C807AC07B2}.Release|Any CPU.Build.0 = Release|Any CPU
	EndGlobalSection
	GlobalSection(SolutionProperties) = preSolution
		HideSolutionNode = FALSE
	EndGlobalSection
	GlobalSection(ExtensibilityGlobals) = postSolution
		SolutionGuid = {7C007512-B259-474C-A190-BB53D5F62543}
	EndGlobalSection
EndGlobal
